
Microsoft Visual Studio Solution File, Format Version 12.00
# Visual Studio Version 16
VisualStudioVersion = 16.0.29001.49
MinimumVisualStudioVersion = 10.0.40219.1
Project("{FAE04EC0-301F-11D3-BF4B-00C04F79EFBC}") = "Averageofnumbers", "Averageofnumbers\Averageofnumbers.csproj", "{EB286CB5-B99D-4C6B-BF1B-266CC73264EC}"
EndProject
Global
	GlobalSection(SolutionConfigurationPlatforms) = preSolution
		Debug|Any CPU = Debug|Any CPU
		Release|Any CPU = Release|Any CPU
	EndGlobalSection
	GlobalSection(ProjectConfigurationPlatforms) = postSolution
		{EB286CB5-B99D-4C6B-BF1B-266CC73264EC}.Debug|Any CPU.ActiveCfg = Debug|Any CPU
		{EB286CB5-B99D-4C6B-BF1B-266CC73264EC}.Debug|Any CPU.Build.0 = Debug|Any CPU
		{EB286CB5-B99D-4C6B-BF1B-266CC73264EC}.Release|Any CPU.ActiveCfg = Release|Any CPU
		{EB286CB5-B99D-4C6B-BF1B-266CC73264EC}.Release|Any CPU.Build.0 = Release|Any CPU
	EndGlobalSection
	GlobalSection(SolutionProperties) = preSolution
		HideSolutionNode = FALSE
	EndGlobalSection
	GlobalSection(ExtensibilityGlobals) = postSolution
		SolutionGuid = {3AB508DF-9667-4E5D-8CBB-C68E124BBB7E}
	EndGlobalSection
EndGlobal
