
Microsoft Visual Studio Solution File, Format Version 12.00
# Visual Studio Version 16
VisualStudioVersion = 16.0.29001.49
MinimumVisualStudioVersion = 10.0.40219.1
Project("{FAE04EC0-301F-11D3-BF4B-00C04F79EFBC}") = "Lab 3A", "Lab 3A\Lab 3A.csproj", "{FD61A0EA-AF62-4EC5-B30A-7C25C5C979B7}"
EndProject
Global
	GlobalSection(SolutionConfigurationPlatforms) = preSolution
		Debug|Any CPU = Debug|Any CPU
		Release|Any CPU = Release|Any CPU
	EndGlobalSection
	GlobalSection(ProjectConfigurationPlatforms) = postSolution
		{FD61A0EA-AF62-4EC5-B30A-7C25C5C979B7}.Debug|Any CPU.ActiveCfg = Debug|Any CPU
		{FD61A0EA-AF62-4EC5-B30A-7C25C5C979B7}.Debug|Any CPU.Build.0 = Debug|Any CPU
		{FD61A0EA-AF62-4EC5-B30A-7C25C5C979B7}.Release|Any CPU.ActiveCfg = Release|Any CPU
		{FD61A0EA-AF62-4EC5-B30A-7C25C5C979B7}.Release|Any CPU.Build.0 = Release|Any CPU
	EndGlobalSection
	GlobalSection(SolutionProperties) = preSolution
		HideSolutionNode = FALSE
	EndGlobalSection
	GlobalSection(ExtensibilityGlobals) = postSolution
		SolutionGuid = {449968ED-F376-43C9-A284-7F8E8263DEC2}
	EndGlobalSection
EndGlobal
